
Microsoft Visual Studio Solution File, Format Version 12.00
# Visual Studio 15
VisualStudioVersion = 15.0.26430.13
MinimumVisualStudioVersion = 10.0.40219.1
Project("{FAE04EC0-301F-11D3-BF4B-00C04F79EFBC}") = "ProjectE448_Final.Android", "ProjectE448_Final\ProjectE448_Final.Android\ProjectE448_Final.Android.csproj", "{EA7A7A7F-EE71-4030-B094-326B5106D06E}"
EndProject
Project("{FAE04EC0-301F-11D3-BF4B-00C04F79EFBC}") = "ProjectE448_Final", "ProjectE448_Final\ProjectE448_Final\ProjectE448_Final.csproj", "{C96B7A9F-8FC8-4E5F-9632-837CDCFF4C3C}"
EndProject
Project("{FAE04EC0-301F-11D3-BF4B-00C04F79EFBC}") = "ProjectE448_Final.UWP", "ProjectE448_Final\ProjectE448_Final.UWP\ProjectE448_Final.UWP.csproj", "{F72AE2B7-92F6-465F-9A03-F49D4D49C360}"
EndProject
Project("{FAE04EC0-301F-11D3-BF4B-00C04F79EFBC}") = "ProjectE448_Final.iOS", "ProjectE448_Final\ProjectE448_Final.iOS\ProjectE448_Final.iOS.csproj", "{F09C2E35-9ED8-47A6-943B-3454E7393FCA}"
EndProject
Global
	GlobalSection(SolutionConfigurationPlatforms) = preSolution
		Ad-Hoc|Any CPU = Ad-Hoc|Any CPU
		Ad-Hoc|ARM = Ad-Hoc|ARM
		Ad-Hoc|iPhone = Ad-Hoc|iPhone
		Ad-Hoc|iPhoneSimulator = Ad-Hoc|iPhoneSimulator
		Ad-Hoc|x64 = Ad-Hoc|x64
		Ad-Hoc|x86 = Ad-Hoc|x86
		AppStore|Any CPU = AppStore|Any CPU
		AppStore|ARM = AppStore|ARM
		AppStore|iPhone = AppStore|iPhone
		AppStore|iPhoneSimulator = AppStore|iPhoneSimulator
		AppStore|x64 = AppStore|x64
		AppStore|x86 = AppStore|x86
		Debug|Any CPU = Debug|Any CPU
		Debug|ARM = Debug|ARM
		Debug|iPhone = Debug|iPhone
		Debug|iPhoneSimulator = Debug|iPhoneSimulator
		Debug|x64 = Debug|x64
		Debug|x86 = Debug|x86
		Release|Any CPU = Release|Any CPU
		Release|ARM = Release|ARM
		Release|iPhone = Release|iPhone
		Release|iPhoneSimulator = Release|iPhoneSimulator
		Release|x64 = Release|x64
		Release|x86 = Release|x86
	EndGlobalSection
	GlobalSection(ProjectConfigurationPlatforms) = postSolution
		{EA7A7A7F-EE71-4030-B094-326B5106D06E}.Ad-Hoc|Any CPU.ActiveCfg = Release|Any CPU
		{EA7A7A7F-EE71-4030-B094-326B5106D06E}.Ad-Hoc|Any CPU.Build.0 = Release|Any CPU
		{EA7A7A7F-EE71-4030-B094-326B5106D06E}.Ad-Hoc|Any CPU.Deploy.0 = Release|Any CPU
		{EA7A7A7F-EE71-4030-B094-326B5106D06E}.Ad-Hoc|ARM.ActiveCfg = Release|Any CPU
		{EA7A7A7F-EE71-4030-B094-326B5106D06E}.Ad-Hoc|ARM.Build.0 = Release|Any CPU
		{EA7A7A7F-EE71-4030-B094-326B5106D06E}.Ad-Hoc|ARM.Deploy.0 = Release|Any CPU
		{EA7A7A7F-EE71-4030-B094-326B5106D06E}.Ad-Hoc|iPhone.ActiveCfg = Release|Any CPU
		{EA7A7A7F-EE71-4030-B094-326B5106D06E}.Ad-Hoc|iPhone.Build.0 = Release|Any CPU
		{EA7A7A7F-EE71-4030-B094-326B5106D06E}.Ad-Hoc|iPhone.Deploy.0 = Release|Any CPU
		{EA7A7A7F-EE71-4030-B094-326B5106D06E}.Ad-Hoc|iPhoneSimulator.ActiveCfg = Release|Any CPU
		{EA7A7A7F-EE71-4030-B094-326B5106D06E}.Ad-Hoc|iPhoneSimulator.Build.0 = Release|Any CPU
		{EA7A7A7F-EE71-4030-B094-326B5106D06E}.Ad-Hoc|iPhoneSimulator.Deploy.0 = Release|Any CPU
		{EA7A7A7F-EE71-4030-B094-326B5106D06E}.Ad-Hoc|x64.ActiveCfg = Release|Any CPU
		{EA7A7A7F-EE71-4030-B094-326B5106D06E}.Ad-Hoc|x64.Build.0 = Release|Any CPU
		{EA7A7A7F-EE71-4030-B094-326B5106D06E}.Ad-Hoc|x64.Deploy.0 = Release|Any CPU
		{EA7A7A7F-EE71-4030-B094-326B5106D06E}.Ad-Hoc|x86.ActiveCfg = Release|Any CPU
		{EA7A7A7F-EE71-4030-B094-326B5106D06E}.Ad-Hoc|x86.Build.0 = Release|Any CPU
		{EA7A7A7F-EE71-4030-B094-326B5106D06E}.Ad-Hoc|x86.Deploy.0 = Release|Any CPU
		{EA7A7A7F-EE71-4030-B094-326B5106D06E}.AppStore|Any CPU.ActiveCfg = Release|Any CPU
		{EA7A7A7F-EE71-4030-B094-326B5106D06E}.AppStore|Any CPU.Build.0 = Release|Any CPU
		{EA7A7A7F-EE71-4030-B094-326B5106D06E}.AppStore|Any CPU.Deploy.0 = Release|Any CPU
		{EA7A7A7F-EE71-4030-B094-326B5106D06E}.AppStore|ARM.ActiveCfg = Release|Any CPU
		{EA7A7A7F-EE71-4030-B094-326B5106D06E}.AppStore|ARM.Build.0 = Release|Any CPU
		{EA7A7A7F-EE71-4030-B094-326B5106D06E}.AppStore|ARM.Deploy.0 = Release|Any CPU
		{EA7A7A7F-EE71-4030-B094-326B5106D06E}.AppStore|iPhone.ActiveCfg = Release|Any CPU
		{EA7A7A7F-EE71-4030-B094-326B5106D06E}.AppStore|iPhone.Build.0 = Release|Any CPU
		{EA7A7A7F-EE71-4030-B094-326B5106D06E}.AppStore|iPhone.Deploy.0 = Release|Any CPU
		{EA7A7A7F-EE71-4030-B094-326B5106D06E}.AppStore|iPhoneSimulator.ActiveCfg = Release|Any CPU
		{EA7A7A7F-EE71-4030-B094-326B5106D06E}.AppStore|iPhoneSimulator.Build.0 = Release|Any CPU
		{EA7A7A7F-EE71-4030-B094-326B5106D06E}.AppStore|iPhoneSimulator.Deploy.0 = Release|Any CPU
		{EA7A7A7F-EE71-4030-B094-326B5106D06E}.AppStore|x64.ActiveCfg = Release|Any CPU
		{EA7A7A7F-EE71-4030-B094-326B5106D06E}.AppStore|x64.Build.0 = Release|Any CPU
		{EA7A7A7F-EE71-4030-B094-326B5106D06E}.AppStore|x64.Deploy.0 = Release|Any CPU
		{EA7A7A7F-EE71-4030-B094-326B5106D06E}.AppStore|x86.ActiveCfg = Release|Any CPU
		{EA7A7A7F-EE71-4030-B094-326B5106D06E}.AppStore|x86.Build.0 = Release|Any CPU
		{EA7A7A7F-EE71-4030-B094-326B5106D06E}.AppStore|x86.Deploy.0 = Release|Any CPU
		{EA7A7A7F-EE71-4030-B094-326B5106D06E}.Debug|Any CPU.ActiveCfg = Debug|Any CPU
		{EA7A7A7F-EE71-4030-B094-326B5106D06E}.Debug|Any CPU.Build.0 = Debug|Any CPU
		{EA7A7A7F-EE71-4030-B094-326B5106D06E}.Debug|Any CPU.Deploy.0 = Debug|Any CPU
		{EA7A7A7F-EE71-4030-B094-326B5106D06E}.Debug|ARM.ActiveCfg = Debug|Any CPU
		{EA7A7A7F-EE71-4030-B094-326B5106D06E}.Debug|ARM.Build.0 = Debug|Any CPU
		{EA7A7A7F-EE71-4030-B094-326B5106D06E}.Debug|ARM.Deploy.0 = Debug|Any CPU
		{EA7A7A7F-EE71-4030-B094-326B5106D06E}.Debug|iPhone.ActiveCfg = Debug|Any CPU
		{EA7A7A7F-EE71-4030-B094-326B5106D06E}.Debug|iPhone.Build.0 = Debug|Any CPU
		{EA7A7A7F-EE71-4030-B094-326B5106D06E}.Debug|iPhone.Deploy.0 = Debug|Any CPU
		{EA7A7A7F-EE71-4030-B094-326B5106D06E}.Debug|iPhoneSimulator.ActiveCfg = Debug|Any CPU
		{EA7A7A7F-EE71-4030-B094-326B5106D06E}.Debug|iPhoneSimulator.Build.0 = Debug|Any CPU
		{EA7A7A7F-EE71-4030-B094-326B5106D06E}.Debug|iPhoneSimulator.Deploy.0 = Debug|Any CPU
		{EA7A7A7F-EE71-4030-B094-326B5106D06E}.Debug|x64.ActiveCfg = Debug|Any CPU
		{EA7A7A7F-EE71-4030-B094-326B5106D06E}.Debug|x64.Build.0 = Debug|Any CPU
		{EA7A7A7F-EE71-4030-B094-326B5106D06E}.Debug|x64.Deploy.0 = Debug|Any CPU
		{EA7A7A7F-EE71-4030-B094-326B5106D06E}.Debug|x86.ActiveCfg = Debug|Any CPU
		{EA7A7A7F-EE71-4030-B094-326B5106D06E}.Debug|x86.Build.0 = Debug|Any CPU
		{EA7A7A7F-EE71-4030-B094-326B5106D06E}.Debug|x86.Deploy.0 = Debug|Any CPU
		{EA7A7A7F-EE71-4030-B094-326B5106D06E}.Release|Any CPU.ActiveCfg = Release|Any CPU
		{EA7A7A7F-EE71-4030-B094-326B5106D06E}.Release|Any CPU.Build.0 = Release|Any CPU
		{EA7A7A7F-EE71-4030-B094-326B5106D06E}.Release|Any CPU.Deploy.0 = Release|Any CPU
		{EA7A7A7F-EE71-4030-B094-326B5106D06E}.Release|ARM.ActiveCfg = Release|Any CPU
		{EA7A7A7F-EE71-4030-B094-326B5106D06E}.Release|ARM.Build.0 = Release|Any CPU
		{EA7A7A7F-EE71-4030-B094-326B5106D06E}.Release|ARM.Deploy.0 = Release|Any CPU
		{EA7A7A7F-EE71-4030-B094-326B5106D06E}.Release|iPhone.ActiveCfg = Release|Any CPU
		{EA7A7A7F-EE71-4030-B094-326B5106D06E}.Release|iPhone.Build.0 = Release|Any CPU
		{EA7A7A7F-EE71-4030-B094-326B5106D06E}.Release|iPhone.Deploy.0 = Release|Any CPU
		{EA7A7A7F-EE71-4030-B094-326B5106D06E}.Release|iPhoneSimulator.ActiveCfg = Release|Any CPU
		{EA7A7A7F-EE71-4030-B094-326B5106D06E}.Release|iPhoneSimulator.Build.0 = Release|Any CPU
		{EA7A7A7F-EE71-4030-B094-326B5106D06E}.Release|iPhoneSimulator.Deploy.0 = Release|Any CPU
		{EA7A7A7F-EE71-4030-B094-326B5106D06E}.Release|x64.ActiveCfg = Release|Any CPU
		{EA7A7A7F-EE71-4030-B094-326B5106D06E}.Release|x64.Build.0 = Release|Any CPU
		{EA7A7A7F-EE71-4030-B094-326B5106D06E}.Release|x64.Deploy.0 = Release|Any CPU
		{EA7A7A7F-EE71-4030-B094-326B5106D06E}.Release|x86.ActiveCfg = Release|Any CPU
		{EA7A7A7F-EE71-4030-B094-326B5106D06E}.Release|x86.Build.0 = Release|Any CPU
		{EA7A7A7F-EE71-4030-B094-326B5106D06E}.Release|x86.Deploy.0 = Release|Any CPU
		{C96B7A9F-8FC8-4E5F-9632-837CDCFF4C3C}.Ad-Hoc|Any CPU.ActiveCfg = Release|Any CPU
		{C96B7A9F-8FC8-4E5F-9632-837CDCFF4C3C}.Ad-Hoc|Any CPU.Build.0 = Release|Any CPU
		{C96B7A9F-8FC8-4E5F-9632-837CDCFF4C3C}.Ad-Hoc|ARM.ActiveCfg = Release|Any CPU
		{C96B7A9F-8FC8-4E5F-9632-837CDCFF4C3C}.Ad-Hoc|ARM.Build.0 = Release|Any CPU
		{C96B7A9F-8FC8-4E5F-9632-837CDCFF4C3C}.Ad-Hoc|iPhone.ActiveCfg = Release|Any CPU
		{C96B7A9F-8FC8-4E5F-9632-837CDCFF4C3C}.Ad-Hoc|iPhone.Build.0 = Release|Any CPU
		{C96B7A9F-8FC8-4E5F-9632-837CDCFF4C3C}.Ad-Hoc|iPhoneSimulator.ActiveCfg = Release|Any CPU
		{C96B7A9F-8FC8-4E5F-9632-837CDCFF4C3C}.Ad-Hoc|iPhoneSimulator.Build.0 = Release|Any CPU
		{C96B7A9F-8FC8-4E5F-9632-837CDCFF4C3C}.Ad-Hoc|x64.ActiveCfg = Release|Any CPU
		{C96B7A9F-8FC8-4E5F-9632-837CDCFF4C3C}.Ad-Hoc|x64.Build.0 = Release|Any CPU
		{C96B7A9F-8FC8-4E5F-9632-837CDCFF4C3C}.Ad-Hoc|x86.ActiveCfg = Release|Any CPU
		{C96B7A9F-8FC8-4E5F-9632-837CDCFF4C3C}.Ad-Hoc|x86.Build.0 = Release|Any CPU
		{C96B7A9F-8FC8-4E5F-9632-837CDCFF4C3C}.AppStore|Any CPU.ActiveCfg = Release|Any CPU
		{C96B7A9F-8FC8-4E5F-9632-837CDCFF4C3C}.AppStore|Any CPU.Build.0 = Release|Any CPU
		{C96B7A9F-8FC8-4E5F-9632-837CDCFF4C3C}.AppStore|ARM.ActiveCfg = Release|Any CPU
		{C96B7A9F-8FC8-4E5F-9632-837CDCFF4C3C}.AppStore|ARM.Build.0 = Release|Any CPU
		{C96B7A9F-8FC8-4E5F-9632-837CDCFF4C3C}.AppStore|iPhone.ActiveCfg = Release|Any CPU
		{C96B7A9F-8FC8-4E5F-9632-837CDCFF4C3C}.AppStore|iPhone.Build.0 = Release|Any CPU
		{C96B7A9F-8FC8-4E5F-9632-837CDCFF4C3C}.AppStore|iPhoneSimulator.ActiveCfg = Release|Any CPU
		{C96B7A9F-8FC8-4E5F-9632-837CDCFF4C3C}.AppStore|iPhoneSimulator.Build.0 = Release|Any CPU
		{C96B7A9F-8FC8-4E5F-9632-837CDCFF4C3C}.AppStore|x64.ActiveCfg = Release|Any CPU
		{C96B7A9F-8FC8-4E5F-9632-837CDCFF4C3C}.AppStore|x64.Build.0 = Release|Any CPU
		{C96B7A9F-8FC8-4E5F-9632-837CDCFF4C3C}.AppStore|x86.ActiveCfg = Release|Any CPU
		{C96B7A9F-8FC8-4E5F-9632-837CDCFF4C3C}.AppStore|x86.Build.0 = Release|Any CPU
		{C96B7A9F-8FC8-4E5F-9632-837CDCFF4C3C}.Debug|Any CPU.ActiveCfg = Debug|Any CPU
		{C96B7A9F-8FC8-4E5F-9632-837CDCFF4C3C}.Debug|Any CPU.Build.0 = Debug|Any CPU
		{C96B7A9F-8FC8-4E5F-9632-837CDCFF4C3C}.Debug|ARM.ActiveCfg = Debug|Any CPU
		{C96B7A9F-8FC8-4E5F-9632-837CDCFF4C3C}.Debug|ARM.Build.0 = Debug|Any CPU
		{C96B7A9F-8FC8-4E5F-9632-837CDCFF4C3C}.Debug|iPhone.ActiveCfg = Debug|Any CPU
		{C96B7A9F-8FC8-4E5F-9632-837CDCFF4C3C}.Debug|iPhone.Build.0 = Debug|Any CPU
		{C96B7A9F-8FC8-4E5F-9632-837CDCFF4C3C}.Debug|iPhoneSimulator.ActiveCfg = Debug|Any CPU
		{C96B7A9F-8FC8-4E5F-9632-837CDCFF4C3C}.Debug|iPhoneSimulator.Build.0 = Debug|Any CPU
		{C96B7A9F-8FC8-4E5F-9632-837CDCFF4C3C}.Debug|x64.ActiveCfg = Debug|Any CPU
		{C96B7A9F-8FC8-4E5F-9632-837CDCFF4C3C}.Debug|x64.Build.0 = Debug|Any CPU
		{C96B7A9F-8FC8-4E5F-9632-837CDCFF4C3C}.Debug|x86.ActiveCfg = Debug|Any CPU
		{C96B7A9F-8FC8-4E5F-9632-837CDCFF4C3C}.Debug|x86.Build.0 = Debug|Any CPU
		{C96B7A9F-8FC8-4E5F-9632-837CDCFF4C3C}.Release|Any CPU.ActiveCfg = Release|Any CPU
		{C96B7A9F-8FC8-4E5F-9632-837CDCFF4C3C}.Release|Any CPU.Build.0 = Release|Any CPU
		{C96B7A9F-8FC8-4E5F-9632-837CDCFF4C3C}.Release|ARM.ActiveCfg = Release|Any CPU
		{C96B7A9F-8FC8-4E5F-9632-837CDCFF4C3C}.Release|ARM.Build.0 = Release|Any CPU
		{C96B7A9F-8FC8-4E5F-9632-837CDCFF4C3C}.Release|iPhone.ActiveCfg = Release|Any CPU
		{C96B7A9F-8FC8-4E5F-9632-837CDCFF4C3C}.Release|iPhone.Build.0 = Release|Any CPU
		{C96B7A9F-8FC8-4E5F-9632-837CDCFF4C3C}.Release|iPhoneSimulator.ActiveCfg = Release|Any CPU
		{C96B7A9F-8FC8-4E5F-9632-837CDCFF4C3C}.Release|iPhoneSimulator.Build.0 = Release|Any CPU
		{C96B7A9F-8FC8-4E5F-9632-837CDCFF4C3C}.Release|x64.ActiveCfg = Release|Any CPU
		{C96B7A9F-8FC8-4E5F-9632-837CDCFF4C3C}.Release|x64.Build.0 = Release|Any CPU
		{C96B7A9F-8FC8-4E5F-9632-837CDCFF4C3C}.Release|x86.ActiveCfg = Release|Any CPU
		{C96B7A9F-8FC8-4E5F-9632-837CDCFF4C3C}.Release|x86.Build.0 = Release|Any CPU
		{F72AE2B7-92F6-465F-9A03-F49D4D49C360}.Ad-Hoc|Any CPU.ActiveCfg = Release|x86
		{F72AE2B7-92F6-465F-9A03-F49D4D49C360}.Ad-Hoc|Any CPU.Build.0 = Release|x86
		{F72AE2B7-92F6-465F-9A03-F49D4D49C360}.Ad-Hoc|Any CPU.Deploy.0 = Release|x86
		{F72AE2B7-92F6-465F-9A03-F49D4D49C360}.Ad-Hoc|ARM.ActiveCfg = Release|ARM
		{F72AE2B7-92F6-465F-9A03-F49D4D49C360}.Ad-Hoc|ARM.Build.0 = Release|ARM
		{F72AE2B7-92F6-465F-9A03-F49D4D49C360}.Ad-Hoc|ARM.Deploy.0 = Release|ARM
		{F72AE2B7-92F6-465F-9A03-F49D4D49C360}.Ad-Hoc|iPhone.ActiveCfg = Release|x86
		{F72AE2B7-92F6-465F-9A03-F49D4D49C360}.Ad-Hoc|iPhone.Build.0 = Release|x86
		{F72AE2B7-92F6-465F-9A03-F49D4D49C360}.Ad-Hoc|iPhone.Deploy.0 = Release|x86
		{F72AE2B7-92F6-465F-9A03-F49D4D49C360}.Ad-Hoc|iPhoneSimulator.ActiveCfg = Release|x86
		{F72AE2B7-92F6-465F-9A03-F49D4D49C360}.Ad-Hoc|iPhoneSimulator.Build.0 = Release|x86
		{F72AE2B7-92F6-465F-9A03-F49D4D49C360}.Ad-Hoc|iPhoneSimulator.Deploy.0 = Release|x86
		{F72AE2B7-92F6-465F-9A03-F49D4D49C360}.Ad-Hoc|x64.ActiveCfg = Release|x64
		{F72AE2B7-92F6-465F-9A03-F49D4D49C360}.Ad-Hoc|x64.Build.0 = Release|x64
		{F72AE2B7-92F6-465F-9A03-F49D4D49C360}.Ad-Hoc|x64.Deploy.0 = Release|x64
		{F72AE2B7-92F6-465F-9A03-F49D4D49C360}.Ad-Hoc|x86.ActiveCfg = Release|x86
		{F72AE2B7-92F6-465F-9A03-F49D4D49C360}.Ad-Hoc|x86.Build.0 = Release|x86
		{F72AE2B7-92F6-465F-9A03-F49D4D49C360}.Ad-Hoc|x86.Deploy.0 = Release|x86
		{F72AE2B7-92F6-465F-9A03-F49D4D49C360}.AppStore|Any CPU.ActiveCfg = Release|x86
		{F72AE2B7-92F6-465F-9A03-F49D4D49C360}.AppStore|Any CPU.Build.0 = Release|x86
		{F72AE2B7-92F6-465F-9A03-F49D4D49C360}.AppStore|Any CPU.Deploy.0 = Release|x86
		{F72AE2B7-92F6-465F-9A03-F49D4D49C360}.AppStore|ARM.ActiveCfg = Release|ARM
		{F72AE2B7-92F6-465F-9A03-F49D4D49C360}.AppStore|ARM.Build.0 = Release|ARM
		{F72AE2B7-92F6-465F-9A03-F49D4D49C360}.AppStore|ARM.Deploy.0 = Release|ARM
		{F72AE2B7-92F6-465F-9A03-F49D4D49C360}.AppStore|iPhone.ActiveCfg = Release|x86
		{F72AE2B7-92F6-465F-9A03-F49D4D49C360}.AppStore|iPhone.Build.0 = Release|x86
		{F72AE2B7-92F6-465F-9A03-F49D4D49C360}.AppStore|iPhone.Deploy.0 = Release|x86
		{F72AE2B7-92F6-465F-9A03-F49D4D49C360}.AppStore|iPhoneSimulator.ActiveCfg = Release|x86
		{F72AE2B7-92F6-465F-9A03-F49D4D49C360}.AppStore|iPhoneSimulator.Build.0 = Release|x86
		{F72AE2B7-92F6-465F-9A03-F49D4D49C360}.AppStore|iPhoneSimulator.Deploy.0 = Release|x86
		{F72AE2B7-92F6-465F-9A03-F49D4D49C360}.AppStore|x64.ActiveCfg = Release|x64
		{F72AE2B7-92F6-465F-9A03-F49D4D49C360}.AppStore|x64.Build.0 = Release|x64
		{F72AE2B7-92F6-465F-9A03-F49D4D49C360}.AppStore|x64.Deploy.0 = Release|x64
		{F72AE2B7-92F6-465F-9A03-F49D4D49C360}.AppStore|x86.ActiveCfg = Release|x86
		{F72AE2B7-92F6-465F-9A03-F49D4D49C360}.AppStore|x86.Build.0 = Release|x86
		{F72AE2B7-92F6-465F-9A03-F49D4D49C360}.AppStore|x86.Deploy.0 = Release|x86
		{F72AE2B7-92F6-465F-9A03-F49D4D49C360}.Debug|Any CPU.ActiveCfg = Debug|x86
		{F72AE2B7-92F6-465F-9A03-F49D4D49C360}.Debug|ARM.ActiveCfg = Debug|ARM
		{F72AE2B7-92F6-465F-9A03-F49D4D49C360}.Debug|ARM.Build.0 = Debug|ARM
		{F72AE2B7-92F6-465F-9A03-F49D4D49C360}.Debug|ARM.Deploy.0 = Debug|ARM
		{F72AE2B7-92F6-465F-9A03-F49D4D49C360}.Debug|iPhone.ActiveCfg = Debug|x86
		{F72AE2B7-92F6-465F-9A03-F49D4D49C360}.Debug|iPhoneSimulator.ActiveCfg = Debug|x86
		{F72AE2B7-92F6-465F-9A03-F49D4D49C360}.Debug|x64.ActiveCfg = Debug|x64
		{F72AE2B7-92F6-465F-9A03-F49D4D49C360}.Debug|x64.Build.0 = Debug|x64
		{F72AE2B7-92F6-465F-9A03-F49D4D49C360}.Debug|x64.Deploy.0 = Debug|x64
		{F72AE2B7-92F6-465F-9A03-F49D4D49C360}.Debug|x86.ActiveCfg = Debug|x86
		{F72AE2B7-92F6-465F-9A03-F49D4D49C360}.Debug|x86.Build.0 = Debug|x86
		{F72AE2B7-92F6-465F-9A03-F49D4D49C360}.Debug|x86.Deploy.0 = Debug|x86
		{F72AE2B7-92F6-465F-9A03-F49D4D49C360}.Release|Any CPU.ActiveCfg = Release|x86
		{F72AE2B7-92F6-465F-9A03-F49D4D49C360}.Release|ARM.ActiveCfg = Release|ARM
		{F72AE2B7-92F6-465F-9A03-F49D4D49C360}.Release|ARM.Build.0 = Release|ARM
		{F72AE2B7-92F6-465F-9A03-F49D4D49C360}.Release|ARM.Deploy.0 = Release|ARM
		{F72AE2B7-92F6-465F-9A03-F49D4D49C360}.Release|iPhone.ActiveCfg = Release|x86
		{F72AE2B7-92F6-465F-9A03-F49D4D49C360}.Release|iPhoneSimulator.ActiveCfg = Release|x86
		{F72AE2B7-92F6-465F-9A03-F49D4D49C360}.Release|x64.ActiveCfg = Release|x64
		{F72AE2B7-92F6-465F-9A03-F49D4D49C360}.Release|x64.Build.0 = Release|x64
		{F72AE2B7-92F6-465F-9A03-F49D4D49C360}.Release|x64.Deploy.0 = Release|x64
		{F72AE2B7-92F6-465F-9A03-F49D4D49C360}.Release|x86.ActiveCfg = Release|x86
		{F72AE2B7-92F6-465F-9A03-F49D4D49C360}.Release|x86.Build.0 = Release|x86
		{F72AE2B7-92F6-465F-9A03-F49D4D49C360}.Release|x86.Deploy.0 = Release|x86
		{F09C2E35-9ED8-47A6-943B-3454E7393FCA}.Ad-Hoc|Any CPU.ActiveCfg = Ad-Hoc|iPhone
		{F09C2E35-9ED8-47A6-943B-3454E7393FCA}.Ad-Hoc|ARM.ActiveCfg = Ad-Hoc|iPhone
		{F09C2E35-9ED8-47A6-943B-3454E7393FCA}.Ad-Hoc|iPhone.ActiveCfg = Ad-Hoc|iPhone
		{F09C2E35-9ED8-47A6-943B-3454E7393FCA}.Ad-Hoc|iPhone.Build.0 = Ad-Hoc|iPhone
		{F09C2E35-9ED8-47A6-943B-3454E7393FCA}.Ad-Hoc|iPhoneSimulator.ActiveCfg = Ad-Hoc|iPhoneSimulator
		{F09C2E35-9ED8-47A6-943B-3454E7393FCA}.Ad-Hoc|iPhoneSimulator.Build.0 = Ad-Hoc|iPhoneSimulator
		{F09C2E35-9ED8-47A6-943B-3454E7393FCA}.Ad-Hoc|x64.ActiveCfg = Ad-Hoc|iPhone
		{F09C2E35-9ED8-47A6-943B-3454E7393FCA}.Ad-Hoc|x86.ActiveCfg = Ad-Hoc|iPhone
		{F09C2E35-9ED8-47A6-943B-3454E7393FCA}.AppStore|Any CPU.ActiveCfg = AppStore|iPhone
		{F09C2E35-9ED8-47A6-943B-3454E7393FCA}.AppStore|ARM.ActiveCfg = AppStore|iPhone
		{F09C2E35-9ED8-47A6-943B-3454E7393FCA}.AppStore|iPhone.ActiveCfg = AppStore|iPhone
		{F09C2E35-9ED8-47A6-943B-3454E7393FCA}.AppStore|iPhone.Build.0 = AppStore|iPhone
		{F09C2E35-9ED8-47A6-943B-3454E7393FCA}.AppStore|iPhoneSimulator.ActiveCfg = AppStore|iPhoneSimulator
		{F09C2E35-9ED8-47A6-943B-3454E7393FCA}.AppStore|iPhoneSimulator.Build.0 = AppStore|iPhoneSimulator
		{F09C2E35-9ED8-47A6-943B-3454E7393FCA}.AppStore|x64.ActiveCfg = AppStore|iPhone
		{F09C2E35-9ED8-47A6-943B-3454E7393FCA}.AppStore|x86.ActiveCfg = AppStore|iPhone
		{F09C2E35-9ED8-47A6-943B-3454E7393FCA}.Debug|Any CPU.ActiveCfg = Debug|iPhone
		{F09C2E35-9ED8-47A6-943B-3454E7393FCA}.Debug|ARM.ActiveCfg = Debug|iPhone
		{F09C2E35-9ED8-47A6-943B-3454E7393FCA}.Debug|iPhone.ActiveCfg = Debug|iPhone
		{F09C2E35-9ED8-47A6-943B-3454E7393FCA}.Debug|iPhone.Build.0 = Debug|iPhone
		{F09C2E35-9ED8-47A6-943B-3454E7393FCA}.Debug|iPhoneSimulator.ActiveCfg = Debug|iPhoneSimulator
		{F09C2E35-9ED8-47A6-943B-3454E7393FCA}.Debug|iPhoneSimulator.Build.0 = Debug|iPhoneSimulator
		{F09C2E35-9ED8-47A6-943B-3454E7393FCA}.Debug|x64.ActiveCfg = Debug|iPhone
		{F09C2E35-9ED8-47A6-943B-3454E7393FCA}.Debug|x86.ActiveCfg = Debug|iPhone
		{F09C2E35-9ED8-47A6-943B-3454E7393FCA}.Release|Any CPU.ActiveCfg = Release|iPhone
		{F09C2E35-9ED8-47A6-943B-3454E7393FCA}.Release|ARM.ActiveCfg = Release|iPhone
		{F09C2E35-9ED8-47A6-943B-3454E7393FCA}.Release|iPhone.ActiveCfg = Release|iPhone
		{F09C2E35-9ED8-47A6-943B-3454E7393FCA}.Release|iPhone.Build.0 = Release|iPhone
		{F09C2E35-9ED8-47A6-943B-3454E7393FCA}.Release|iPhoneSimulator.ActiveCfg = Release|iPhoneSimulator
		{F09C2E35-9ED8-47A6-943B-3454E7393FCA}.Release|iPhoneSimulator.Build.0 = Release|iPhoneSimulator
		{F09C2E35-9ED8-47A6-943B-3454E7393FCA}.Release|x64.ActiveCfg = Release|iPhone
		{F09C2E35-9ED8-47A6-943B-3454E7393FCA}.Release|x86.ActiveCfg = Release|iPhone
	EndGlobalSection
	GlobalSection(SolutionProperties) = preSolution
		HideSolutionNode = FALSE
	EndGlobalSection
EndGlobal
